{
  "version": 4,
  "terraform_version": "1.13.4",
  "serial": 44,
  "lineage": "074836e4-73c7-7eb3-5c74-fecdf5bc814d",
  "outputs": {},
  "resources": [
    {
      "module": "module.tf_state",
      "mode": "managed",
      "type": "aws_s3_bucket",
      "name": "this",
      "provider": "provider[\"registry.terraform.io/hashicorp/aws\"]",
      "instances": [
        {
          "schema_version": 0,
          "attributes": {
            "acceleration_status": "",
            "acl": null,
            "arn": "arn:aws:s3:::terraform-state-kxc",
            "bucket": "terraform-state-kxc",
            "bucket_domain_name": "terraform-state-kxc.s3.amazonaws.com",
            "bucket_prefix": "",
            "bucket_region": "eu-west-1",
            "bucket_regional_domain_name": "terraform-state-kxc.s3.eu-west-1.amazonaws.com",
            "cors_rule": [],
            "force_destroy": false,
            "grant": [
              {
                "id": "c313f1701fa79519e96d711041633a74842558c521755445edcd67d440a03049",
                "permissions": [
                  "FULL_CONTROL"
                ],
                "type": "CanonicalUser",
                "uri": ""
              }
            ],
            "hosted_zone_id": "Z1BKCTXD74EZPE",
            "id": "terraform-state-kxc",
            "lifecycle_rule": [],
            "logging": [],
            "object_lock_configuration": [],
            "object_lock_enabled": false,
            "policy": "",
            "region": "eu-west-1",
            "replication_configuration": [],
            "request_payer": "BucketOwner",
            "server_side_encryption_configuration": [
              {
                "rule": [
                  {
                    "apply_server_side_encryption_by_default": [
                      {
                        "kms_master_key_id": "",
                        "sse_algorithm": "AES256"
                      }
                    ],
                    "bucket_key_enabled": false
                  }
                ]
              }
            ],
            "tags": null,
            "tags_all": {
              "ManagedBy": "terraform"
            },
            "timeouts": null,
            "versioning": [
              {
                "enabled": false,
                "mfa_delete": false
              }
            ],
            "website": [],
            "website_domain": null,
            "website_endpoint": null
          },
          "sensitive_attributes": [],
          "identity_schema_version": 0,
          "identity": {
            "account_id": "139984031189",
            "bucket": "terraform-state-kxc",
            "region": "eu-west-1"
          },
          "private": "eyJlMmJmYjczMC1lY2FhLTExZTYtOGY4OC0zNDM2M2JjN2M0YzAiOnsiY3JlYXRlIjoxMjAwMDAwMDAwMDAwLCJkZWxldGUiOjM2MDAwMDAwMDAwMDAsInJlYWQiOjEyMDAwMDAwMDAwMDAsInVwZGF0ZSI6MTIwMDAwMDAwMDAwMH19"
        }
      ]
    },
    {
      "module": "module.tf_state",
      "mode": "managed",
      "type": "aws_s3_bucket_public_access_block",
      "name": "this",
      "provider": "provider[\"registry.terraform.io/hashicorp/aws\"]",
      "instances": [
        {
          "schema_version": 0,
          "attributes": {
            "block_public_acls": true,
            "block_public_policy": true,
            "bucket": "terraform-state-kxc",
            "id": "terraform-state-kxc",
            "ignore_public_acls": true,
            "region": "eu-west-1",
            "restrict_public_buckets": true,
            "skip_destroy": null
          },
          "sensitive_attributes": [],
          "identity_schema_version": 0,
          "identity": {
            "account_id": "139984031189",
            "bucket": "terraform-state-kxc",
            "region": "eu-west-1"
          },
          "private": "bnVsbA==",
          "dependencies": [
            "module.tf_state.aws_s3_bucket.this"
          ]
        }
      ]
    },
    {
      "module": "module.tf_state",
      "mode": "managed",
      "type": "aws_s3_bucket_server_side_encryption_configuration",
      "name": "this",
      "provider": "provider[\"registry.terraform.io/hashicorp/aws\"]",
      "instances": [
        {
          "schema_version": 0,
          "attributes": {
            "bucket": "terraform-state-kxc",
            "expected_bucket_owner": "",
            "id": "terraform-state-kxc",
            "region": "eu-west-1",
            "rule": [
              {
                "apply_server_side_encryption_by_default": [
                  {
                    "kms_master_key_id": "",
                    "sse_algorithm": "AES256"
                  }
                ],
                "bucket_key_enabled": null
              }
            ]
          },
          "sensitive_attributes": [],
          "identity_schema_version": 0,
          "identity": {
            "account_id": "139984031189",
            "bucket": "terraform-state-kxc",
            "expected_bucket_owner": null,
            "region": "eu-west-1"
          },
          "private": "bnVsbA==",
          "dependencies": [
            "module.tf_state.aws_s3_bucket.this"
          ]
        }
      ]
    },
    {
      "module": "module.tf_state",
      "mode": "managed",
      "type": "aws_s3_bucket_versioning",
      "name": "this",
      "provider": "provider[\"registry.terraform.io/hashicorp/aws\"]",
      "instances": [
        {
          "schema_version": 0,
          "attributes": {
            "bucket": "terraform-state-kxc",
            "expected_bucket_owner": "",
            "id": "terraform-state-kxc",
            "mfa": null,
            "region": "eu-west-1",
            "versioning_configuration": [
              {
                "mfa_delete": "",
                "status": "Enabled"
              }
            ]
          },
          "sensitive_attributes": [],
          "identity_schema_version": 0,
          "identity": {
            "account_id": "139984031189",
            "bucket": "terraform-state-kxc",
            "expected_bucket_owner": null,
            "region": "eu-west-1"
          },
          "private": "bnVsbA==",
          "dependencies": [
            "module.tf_state.aws_s3_bucket.this"
          ]
        }
      ]
    }
  ],
  "check_results": null
}
